
Microsoft Visual Studio Solution File, Format Version 12.00
# Visual Studio Version 16
VisualStudioVersion = 16.0.32002.261
MinimumVisualStudioVersion = 10.0.40219.1
Project("{9A19103F-16F7-4668-BE54-9A1E7A4F7556}") = "ProdReview.Server", "ProdReview\Server\ProdReview.Server.csproj", "{DEABBB1B-5426-4609-BDD9-763A29E9E4A3}"
EndProject
Project("{9A19103F-16F7-4668-BE54-9A1E7A4F7556}") = "ProdReview.Client", "ProdReview\Client\ProdReview.Client.csproj", "{A97005D4-415E-4959-AE07-08540ECC3D95}"
EndProject
Project("{9A19103F-16F7-4668-BE54-9A1E7A4F7556}") = "ProdReview.Shared", "ProdReview\Shared\ProdReview.Shared.csproj", "{FE7EDF21-7170-49E9-85E0-95BDB6323A6A}"
EndProject
Global
	GlobalSection(SolutionConfigurationPlatforms) = preSolution
		Debug|Any CPU = Debug|Any CPU
		Release|Any CPU = Release|Any CPU
	EndGlobalSection
	GlobalSection(ProjectConfigurationPlatforms) = postSolution
		{DEABBB1B-5426-4609-BDD9-763A29E9E4A3}.Debug|Any CPU.ActiveCfg = Debug|Any CPU
		{DEABBB1B-5426-4609-BDD9-763A29E9E4A3}.Debug|Any CPU.Build.0 = Debug|Any CPU
		{DEABBB1B-5426-4609-BDD9-763A29E9E4A3}.Release|Any CPU.ActiveCfg = Release|Any CPU
		{DEABBB1B-5426-4609-BDD9-763A29E9E4A3}.Release|Any CPU.Build.0 = Release|Any CPU
		{A97005D4-415E-4959-AE07-08540ECC3D95}.Debug|Any CPU.ActiveCfg = Debug|Any CPU
		{A97005D4-415E-4959-AE07-08540ECC3D95}.Debug|Any CPU.Build.0 = Debug|Any CPU
		{A97005D4-415E-4959-AE07-08540ECC3D95}.Release|Any CPU.ActiveCfg = Release|Any CPU
		{A97005D4-415E-4959-AE07-08540ECC3D95}.Release|Any CPU.Build.0 = Release|Any CPU
		{FE7EDF21-7170-49E9-85E0-95BDB6323A6A}.Debug|Any CPU.ActiveCfg = Debug|Any CPU
		{FE7EDF21-7170-49E9-85E0-95BDB6323A6A}.Debug|Any CPU.Build.0 = Debug|Any CPU
		{FE7EDF21-7170-49E9-85E0-95BDB6323A6A}.Release|Any CPU.ActiveCfg = Release|Any CPU
		{FE7EDF21-7170-49E9-85E0-95BDB6323A6A}.Release|Any CPU.Build.0 = Release|Any CPU
	EndGlobalSection
	GlobalSection(SolutionProperties) = preSolution
		HideSolutionNode = FALSE
	EndGlobalSection
	GlobalSection(ExtensibilityGlobals) = postSolution
		SolutionGuid = {E301497B-1DCD-4E83-B73A-A793E082C750}
	EndGlobalSection
EndGlobal
